{
  "requires": true,
  "lockfileVersion": 1,
  "dependencies": {
    "@syncfusion/ej2-base": {
      "version": "19.4.38",
      "resolved": "https://registry.npmjs.org/@syncfusion/ej2-base/-/ej2-base-19.4.38.tgz",
      "integrity": "sha512-gtBlbeLcYcpNgMfm6czhLWqYF77kVNiOC5Isw72pVyEE58wS1D/cvF3jqgfBCY4Egi58pRod+zXUmXh2d6rV8Q==",
      "requires": {
        "@syncfusion/ej2-icons": "~19.4.38"
      }
    },
    "@syncfusion/ej2-buttons": {
      "version": "19.4.38",
      "resolved": "https://registry.npmjs.org/@syncfusion/ej2-buttons/-/ej2-buttons-19.4.38.tgz",
      "integrity": "sha512-iMI78xDZOOPVbsVjMaz2YA9gH3ZXGDir5sRTDnpj4+XBEq1rx8NWTXgq0m7pNXpWQGp2qj+BZb749+Z9/FvUIA==",
      "requires": {
        "@syncfusion/ej2-base": "~19.4.38"
      }
    },
    "@syncfusion/ej2-data": {
      "version": "19.4.38",
      "resolved": "https://registry.npmjs.org/@syncfusion/ej2-data/-/ej2-data-19.4.38.tgz",
      "integrity": "sha512-fE0oAwO6ACDnfmx20e58J6WbBx99mYj1o/Uzu4aEdB0s09mAy4ipX1K9zs7LDPP6Xb8GHDfNExODaUfSez77DQ==",
      "requires": {
        "@syncfusion/ej2-base": "~19.4.38"
      }
    },
    "@syncfusion/ej2-dropdowns": {
      "version": "19.4.41",
      "resolved": "https://registry.npmjs.org/@syncfusion/ej2-dropdowns/-/ej2-dropdowns-19.4.41.tgz",
      "integrity": "sha512-FxV+esiy23nYNKcKCZ8X1IjpTuxx+yT7haPn+egpvffNI6HKouS57phMG6aIbOVGJ2Hgmzli4Yage6CLmHAfvA==",
      "requires": {
        "@syncfusion/ej2-base": "~19.4.38",
        "@syncfusion/ej2-data": "~19.4.38",
        "@syncfusion/ej2-inputs": "~19.4.41",
        "@syncfusion/ej2-lists": "~19.4.38",
        "@syncfusion/ej2-navigations": "~19.4.41",
        "@syncfusion/ej2-popups": "~19.4.41"
      }
    },
    "@syncfusion/ej2-icons": {
      "version": "19.4.38",
      "resolved": "https://registry.npmjs.org/@syncfusion/ej2-icons/-/ej2-icons-19.4.38.tgz",
      "integrity": "sha512-7Uy1A76BkDBANdJpgxBRExrcYcz5YULhck9sYKqX4upAhdCubvcQzQslW+bKt0TZra4GLvC+iMG0rRMDzZQuxA=="
    },
    "@syncfusion/ej2-inputs": {
      "version": "19.4.41",
      "resolved": "https://registry.npmjs.org/@syncfusion/ej2-inputs/-/ej2-inputs-19.4.41.tgz",
      "integrity": "sha512-EAXrZ2CAgAOMjuGZTZjgAQBu+bcDImTMa9bf8eQEZ1B0cQqPrwKINUkiwqQmuhyjXcwfk7cVSYRUEZ/UcqiUlw==",
      "requires": {
        "@syncfusion/ej2-base": "~19.4.38",
        "@syncfusion/ej2-buttons": "~19.4.38",
        "@syncfusion/ej2-popups": "~19.4.41",
        "@syncfusion/ej2-splitbuttons": "~19.4.40"
      }
    },
    "@syncfusion/ej2-lists": {
      "version": "19.4.38",
      "resolved": "https://registry.npmjs.org/@syncfusion/ej2-lists/-/ej2-lists-19.4.38.tgz",
      "integrity": "sha512-wxpIbfNKM37hgRpKIcEPnyiYcXZWvHLVCYg4K1QpkOFqhak6QGooLQVHpmNmChZPBYN4v3StvKB+i8SLVCMa+Q==",
      "requires": {
        "@syncfusion/ej2-base": "~19.4.38",
        "@syncfusion/ej2-buttons": "~19.4.38",
        "@syncfusion/ej2-data": "~19.4.38"
      }
    },
    "@syncfusion/ej2-navigations": {
      "version": "19.4.41",
      "resolved": "https://registry.npmjs.org/@syncfusion/ej2-navigations/-/ej2-navigations-19.4.41.tgz",
      "integrity": "sha512-l9IDDkV8Oj5//Mr+NvoXX3kSsY5UQ6ZC3Skd1ts4leTaVUOnJceL16eo50LughJ2otidymZHgPvsFQRImpCYlw==",
      "requires": {
        "@syncfusion/ej2-base": "~19.4.38",
        "@syncfusion/ej2-buttons": "~19.4.38",
        "@syncfusion/ej2-data": "~19.4.38",
        "@syncfusion/ej2-inputs": "~19.4.41",
        "@syncfusion/ej2-lists": "~19.4.38",
        "@syncfusion/ej2-popups": "~19.4.41"
      }
    },
    "@syncfusion/ej2-popups": {
      "version": "19.4.41",
      "resolved": "https://registry.npmjs.org/@syncfusion/ej2-popups/-/ej2-popups-19.4.41.tgz",
      "integrity": "sha512-r6JEaIbkxLgFW9c3Xfxm8bERv8MVzfl8E2tZEwOqz+JPZ//BUxzi9imPZKfFdA3CXdNXhzED+PGftBF2qb1xLg==",
      "requires": {
        "@syncfusion/ej2-base": "~19.4.38",
        "@syncfusion/ej2-buttons": "~19.4.38"
      }
    },
    "@syncfusion/ej2-splitbuttons": {
      "version": "19.4.40",
      "resolved": "https://registry.npmjs.org/@syncfusion/ej2-splitbuttons/-/ej2-splitbuttons-19.4.40.tgz",
      "integrity": "sha512-2CZwgIDPz3jx8mkPsi/A0Fs/ClWitMphJ3e/ww1KQ5BZ97+sur1jv1H7A5TavIPlSMHXmRzr8nrt2N528HaPkw==",
      "requires": {
        "@syncfusion/ej2-base": "~19.4.38",
        "@syncfusion/ej2-popups": "~19.4.38"
      }
    },
    "@syncfusion/ej2-vue-base": {
      "version": "19.4.40",
      "resolved": "https://registry.npmjs.org/@syncfusion/ej2-vue-base/-/ej2-vue-base-19.4.40.tgz",
      "integrity": "sha512-IbU5tMmxDC/2JiOmw/FxdFBGvxEGcx6bVF8paszekAcxfcEYn3AFD7uGBvUDPfyt6aNb0Au5DV5DwZPFAWFIkA==",
      "requires": {
        "@syncfusion/ej2-base": "~19.4.38",
        "glob": "^7.0.5"
      }
    },
    "@syncfusion/ej2-vue-dropdowns": {
      "version": "19.4.41",
      "resolved": "https://registry.npmjs.org/@syncfusion/ej2-vue-dropdowns/-/ej2-vue-dropdowns-19.4.41.tgz",
      "integrity": "sha512-aHc9P+08/SZL36oo1TQC7ouOnwpbXfx6LD2vKfHTIzqPVg2ICO/THNagl5bcbJkwXvS+jk4WkY9uEVS9dA6R4Q==",
      "requires": {
        "@syncfusion/ej2-base": "~19.4.38",
        "@syncfusion/ej2-dropdowns": "19.4.41",
        "@syncfusion/ej2-vue-base": "~19.4.40"
      }
    },
    "balanced-match": {
      "version": "1.0.2",
      "resolved": "https://registry.npmjs.org/balanced-match/-/balanced-match-1.0.2.tgz",
      "integrity": "sha512-3oSeUO0TMV67hN1AmbXsK4yaqU7tjiHlbxRDZOpH0KW9+CeX4bRAaX0Anxt0tx2MrpRpWwQaPwIlISEJhYU5Pw=="
    },
    "brace-expansion": {
      "version": "1.1.11",
      "resolved": "https://registry.npmjs.org/brace-expansion/-/brace-expansion-1.1.11.tgz",
      "integrity": "sha512-iCuPHDFgrHX7H2vEI/5xpz07zSHB00TpugqhmYtVmMO6518mCuRMoOYFldEBl0g187ufozdaHgWKcYFb61qGiA==",
      "requires": {
        "balanced-match": "^1.0.0",
        "concat-map": "0.0.1"
      }
    },
    "concat-map": {
      "version": "0.0.1",
      "resolved": "https://registry.npmjs.org/concat-map/-/concat-map-0.0.1.tgz",
      "integrity": "sha1-2Klr13/Wjfd5OnMDajug1UBdR3s="
    },
    "fs.realpath": {
      "version": "1.0.0",
      "resolved": "https://registry.npmjs.org/fs.realpath/-/fs.realpath-1.0.0.tgz",
      "integrity": "sha1-FQStJSMVjKpA20onh8sBQRmU6k8="
    },
    "glob": {
      "version": "7.2.0",
      "resolved": "https://registry.npmjs.org/glob/-/glob-7.2.0.tgz",
      "integrity": "sha512-lmLf6gtyrPq8tTjSmrO94wBeQbFR3HbLHbuyD69wuyQkImp2hWqMGB47OX65FBkPffO641IP9jWa1z4ivqG26Q==",
      "requires": {
        "fs.realpath": "^1.0.0",
        "inflight": "^1.0.4",
        "inherits": "2",
        "minimatch": "^3.0.4",
        "once": "^1.3.0",
        "path-is-absolute": "^1.0.0"
      }
    },
    "inflight": {
      "version": "1.0.6",
      "resolved": "https://registry.npmjs.org/inflight/-/inflight-1.0.6.tgz",
      "integrity": "sha1-Sb1jMdfQLQwJvJEKEHW6gWW1bfk=",
      "requires": {
        "once": "^1.3.0",
        "wrappy": "1"
      }
    },
    "inherits": {
      "version": "2.0.4",
      "resolved": "https://registry.npmjs.org/inherits/-/inherits-2.0.4.tgz",
      "integrity": "sha512-k/vGaX4/Yla3WzyMCvTQOXYeIHvqOKtnqBduzTHpzpQZzAskKMhZ2K+EnBiSM9zGSoIFeMpXKxa4dYeZIQqewQ=="
    },
    "minimatch": {
      "version": "3.0.4",
      "resolved": "https://registry.npmjs.org/minimatch/-/minimatch-3.0.4.tgz",
      "integrity": "sha512-yJHVQEhyqPLUTgt9B83PXu6W3rx4MvvHvSUvToogpwoGDOUQ+yDrR0HRot+yOCdCO7u4hX3pWft6kWBBcqh0UA==",
      "requires": {
        "brace-expansion": "^1.1.7"
      }
    },
    "once": {
      "version": "1.4.0",
      "resolved": "https://registry.npmjs.org/once/-/once-1.4.0.tgz",
      "integrity": "sha1-WDsap3WWHUsROsF9nFC6753Xa9E=",
      "requires": {
        "wrappy": "1"
      }
    },
    "path-is-absolute": {
      "version": "1.0.1",
      "resolved": "https://registry.npmjs.org/path-is-absolute/-/path-is-absolute-1.0.1.tgz",
      "integrity": "sha1-F0uSaHNVNP+8es5r9TpanhtcX18="
    },
    "wrappy": {
      "version": "1.0.2",
      "resolved": "https://registry.npmjs.org/wrappy/-/wrappy-1.0.2.tgz",
      "integrity": "sha1-tSQ9jz7BqjXxNkYFvA0QNuMKtp8="
    }
  }
}
